# This file is automatically @generated by Cargo.
# It is not intended for manual editing.
version = 4

[[package]]
name = "mommy_installer"
version = "0.1.0"

[[package]]
name = "mommy_lang"
version = "0.1.0"
dependencies = [
 "mommy_lib",
]

[[package]]
name = "mommy_lib"
version = "0.1.0"

[[package]]
name = "mommy_shell"
version = "0.1.0"
dependencies = [
 "mommy_lib",
]

[[package]]
name = "mommy_suite"
version = "0.1.0"
dependencies = [
 "mommy_lib",
]
